
Microsoft Visual Studio Solution File, Format Version 12.00
# Visual Studio Version 16
VisualStudioVersion = 16.0.33423.256
MinimumVisualStudioVersion = 10.0.40219.1
Project("{FAE04EC0-301F-11D3-BF4B-00C04F79EFBC}") = "challenge01", "challenge01.csproj", "{37B23676-8B29-47AC-A5F0-B715E94D7D8E}"
EndProject
Global
	GlobalSection(SolutionConfigurationPlatforms) = preSolution
		Debug|Any CPU = Debug|Any CPU
		Release|Any CPU = Release|Any CPU
	EndGlobalSection
	GlobalSection(ProjectConfigurationPlatforms) = postSolution
		{37B23676-8B29-47AC-A5F0-B715E94D7D8E}.Debug|Any CPU.ActiveCfg = Debug|Any CPU
		{37B23676-8B29-47AC-A5F0-B715E94D7D8E}.Debug|Any CPU.Build.0 = Debug|Any CPU
		{37B23676-8B29-47AC-A5F0-B715E94D7D8E}.Release|Any CPU.ActiveCfg = Release|Any CPU
		{37B23676-8B29-47AC-A5F0-B715E94D7D8E}.Release|Any CPU.Build.0 = Release|Any CPU
	EndGlobalSection
	GlobalSection(SolutionProperties) = preSolution
		HideSolutionNode = FALSE
	EndGlobalSection
	GlobalSection(ExtensibilityGlobals) = postSolution
		SolutionGuid = {9C3676CC-4A0A-4904-A808-BE7136DE35DE}
	EndGlobalSection
EndGlobal
