
Microsoft Visual Studio Solution File, Format Version 12.00
# Visual Studio Version 16
VisualStudioVersion = 16.0.33423.256
MinimumVisualStudioVersion = 10.0.40219.1
Project("{FAE04EC0-301F-11D3-BF4B-00C04F79EFBC}") = "task4", "task4.csproj", "{54F996E6-C4E6-453E-9637-DE335A67760B}"
EndProject
Global
	GlobalSection(SolutionConfigurationPlatforms) = preSolution
		Debug|Any CPU = Debug|Any CPU
		Release|Any CPU = Release|Any CPU
	EndGlobalSection
	GlobalSection(ProjectConfigurationPlatforms) = postSolution
		{54F996E6-C4E6-453E-9637-DE335A67760B}.Debug|Any CPU.ActiveCfg = Debug|Any CPU
		{54F996E6-C4E6-453E-9637-DE335A67760B}.Debug|Any CPU.Build.0 = Debug|Any CPU
		{54F996E6-C4E6-453E-9637-DE335A67760B}.Release|Any CPU.ActiveCfg = Release|Any CPU
		{54F996E6-C4E6-453E-9637-DE335A67760B}.Release|Any CPU.Build.0 = Release|Any CPU
	EndGlobalSection
	GlobalSection(SolutionProperties) = preSolution
		HideSolutionNode = FALSE
	EndGlobalSection
	GlobalSection(ExtensibilityGlobals) = postSolution
		SolutionGuid = {EE7BF083-4016-4306-A493-5B343086F2DF}
	EndGlobalSection
EndGlobal
