
Microsoft Visual Studio Solution File, Format Version 12.00
# Visual Studio Version 16
VisualStudioVersion = 16.0.33423.256
MinimumVisualStudioVersion = 10.0.40219.1
Project("{FAE04EC0-301F-11D3-BF4B-00C04F79EFBC}") = "task3", "task3.csproj", "{30716FCC-B8D3-4F42-8BB8-B4002577F711}"
EndProject
Global
	GlobalSection(SolutionConfigurationPlatforms) = preSolution
		Debug|Any CPU = Debug|Any CPU
		Release|Any CPU = Release|Any CPU
	EndGlobalSection
	GlobalSection(ProjectConfigurationPlatforms) = postSolution
		{30716FCC-B8D3-4F42-8BB8-B4002577F711}.Debug|Any CPU.ActiveCfg = Debug|Any CPU
		{30716FCC-B8D3-4F42-8BB8-B4002577F711}.Debug|Any CPU.Build.0 = Debug|Any CPU
		{30716FCC-B8D3-4F42-8BB8-B4002577F711}.Release|Any CPU.ActiveCfg = Release|Any CPU
		{30716FCC-B8D3-4F42-8BB8-B4002577F711}.Release|Any CPU.Build.0 = Release|Any CPU
	EndGlobalSection
	GlobalSection(SolutionProperties) = preSolution
		HideSolutionNode = FALSE
	EndGlobalSection
	GlobalSection(ExtensibilityGlobals) = postSolution
		SolutionGuid = {A0CE0A14-1033-4BE0-AC7F-35208BDB0EB4}
	EndGlobalSection
EndGlobal
