
Microsoft Visual Studio Solution File, Format Version 12.00
# Visual Studio Version 16
VisualStudioVersion = 16.0.33423.256
MinimumVisualStudioVersion = 10.0.40219.1
Project("{FAE04EC0-301F-11D3-BF4B-00C04F79EFBC}") = "challange1", "challange1.csproj", "{04B19115-9F82-40C8-8A1D-FCA518E5EA0D}"
EndProject
Global
	GlobalSection(SolutionConfigurationPlatforms) = preSolution
		Debug|Any CPU = Debug|Any CPU
		Release|Any CPU = Release|Any CPU
	EndGlobalSection
	GlobalSection(ProjectConfigurationPlatforms) = postSolution
		{04B19115-9F82-40C8-8A1D-FCA518E5EA0D}.Debug|Any CPU.ActiveCfg = Debug|Any CPU
		{04B19115-9F82-40C8-8A1D-FCA518E5EA0D}.Debug|Any CPU.Build.0 = Debug|Any CPU
		{04B19115-9F82-40C8-8A1D-FCA518E5EA0D}.Release|Any CPU.ActiveCfg = Release|Any CPU
		{04B19115-9F82-40C8-8A1D-FCA518E5EA0D}.Release|Any CPU.Build.0 = Release|Any CPU
	EndGlobalSection
	GlobalSection(SolutionProperties) = preSolution
		HideSolutionNode = FALSE
	EndGlobalSection
	GlobalSection(ExtensibilityGlobals) = postSolution
		SolutionGuid = {DB3D907B-B099-4227-9DA3-CABA24668C77}
	EndGlobalSection
EndGlobal
