
Microsoft Visual Studio Solution File, Format Version 12.00
# Visual Studio Version 16
VisualStudioVersion = 16.0.33423.256
MinimumVisualStudioVersion = 10.0.40219.1
Project("{FAE04EC0-301F-11D3-BF4B-00C04F79EFBC}") = "copyCons", "copyCons.csproj", "{76E716C2-7CDF-4FBE-8C5D-F1B43D20ABA6}"
EndProject
Global
	GlobalSection(SolutionConfigurationPlatforms) = preSolution
		Debug|Any CPU = Debug|Any CPU
		Release|Any CPU = Release|Any CPU
	EndGlobalSection
	GlobalSection(ProjectConfigurationPlatforms) = postSolution
		{76E716C2-7CDF-4FBE-8C5D-F1B43D20ABA6}.Debug|Any CPU.ActiveCfg = Debug|Any CPU
		{76E716C2-7CDF-4FBE-8C5D-F1B43D20ABA6}.Debug|Any CPU.Build.0 = Debug|Any CPU
		{76E716C2-7CDF-4FBE-8C5D-F1B43D20ABA6}.Release|Any CPU.ActiveCfg = Release|Any CPU
		{76E716C2-7CDF-4FBE-8C5D-F1B43D20ABA6}.Release|Any CPU.Build.0 = Release|Any CPU
	EndGlobalSection
	GlobalSection(SolutionProperties) = preSolution
		HideSolutionNode = FALSE
	EndGlobalSection
	GlobalSection(ExtensibilityGlobals) = postSolution
		SolutionGuid = {64FC2B1C-B8F4-4BC0-A664-B052693A2321}
	EndGlobalSection
EndGlobal
