
Microsoft Visual Studio Solution File, Format Version 12.00
# Visual Studio Version 16
VisualStudioVersion = 16.0.33423.256
MinimumVisualStudioVersion = 10.0.40219.1
Project("{FAE04EC0-301F-11D3-BF4B-00C04F79EFBC}") = "task2a", "task2a.csproj", "{AAE497D8-4ED7-45C9-B929-AEBB96922179}"
EndProject
Global
	GlobalSection(SolutionConfigurationPlatforms) = preSolution
		Debug|Any CPU = Debug|Any CPU
		Release|Any CPU = Release|Any CPU
	EndGlobalSection
	GlobalSection(ProjectConfigurationPlatforms) = postSolution
		{AAE497D8-4ED7-45C9-B929-AEBB96922179}.Debug|Any CPU.ActiveCfg = Debug|Any CPU
		{AAE497D8-4ED7-45C9-B929-AEBB96922179}.Debug|Any CPU.Build.0 = Debug|Any CPU
		{AAE497D8-4ED7-45C9-B929-AEBB96922179}.Release|Any CPU.ActiveCfg = Release|Any CPU
		{AAE497D8-4ED7-45C9-B929-AEBB96922179}.Release|Any CPU.Build.0 = Release|Any CPU
	EndGlobalSection
	GlobalSection(SolutionProperties) = preSolution
		HideSolutionNode = FALSE
	EndGlobalSection
	GlobalSection(ExtensibilityGlobals) = postSolution
		SolutionGuid = {0F70451C-C992-47EC-8340-84109E235AE1}
	EndGlobalSection
EndGlobal
